PODS:
  - JYMacros (0.0.1)
  - ModuleA (0.1.0):
    - JYMacros

DEPENDENCIES:
  - JYMacros (from `./../..`)
  - ModuleA (from `./../ModuleA`)

EXTERNAL SOURCES:
  JYMacros:
    :path: "./../.."
  ModuleA:
    :path: "./../ModuleA"

SPEC CHECKSUMS:
  JYMacros: 2dde8e954c0cc680f20ed15829090636a46e0612
  ModuleA: 650ecb16f64d5041e06e10cd2b6d08b6cdca8140

PODFILE CHECKSUM: d0540eb4681587b3b11cae59b865542ff1a1bfcb

COCOAPODS: 1.14.3
