PODS:
  - JYMacros (0.0.1)

DEPENDENCIES:
  - JYMacros (from `https://github.com/SSBun/demo_swift_macro_pod.git`, tag `0.0.5`)

EXTERNAL SOURCES:
  JYMacros:
    :git: https://github.com/SSBun/demo_swift_macro_pod.git
    :tag: 0.0.5

CHECKOUT OPTIONS:
  JYMacros:
    :git: https://github.com/SSBun/demo_swift_macro_pod.git
    :tag: 0.0.5

SPEC CHECKSUMS:
  JYMacros: ad5448eb5fb7c5015d35509a2849847d742482e5

PODFILE CHECKSUM: 334e90e0205d2a87d3b06174682dd5598c82903e

COCOAPODS: 1.14.3
