PODS:
  - JYMacros (0.0.1)

DEPENDENCIES:
  - JYMacros (from `https://github.com/SSBun/demo_swift_macro_pod.git`, tag `0.0.8`)

EXTERNAL SOURCES:
  JYMacros:
    :git: https://github.com/SSBun/demo_swift_macro_pod.git
    :tag: 0.0.8

CHECKOUT OPTIONS:
  JYMacros:
    :git: https://github.com/SSBun/demo_swift_macro_pod.git
    :tag: 0.0.8

SPEC CHECKSUMS:
  JYMacros: 93176df46d819f04c05dfe73f4bec3abb7a53d0f

PODFILE CHECKSUM: 74a0e046ee90ff7599c45bfcef5337aba717339d

COCOAPODS: 1.14.3
